
Microsoft Visual Studio Solution File, Format Version 12.00
# Visual Studio 15
VisualStudioVersion = 15.0.28307.1259
MinimumVisualStudioVersion = 10.0.40219.1
Project("{9A19103F-16F7-4668-BE54-9A1E7A4F7556}") = "WebApi", "WebApi\WebApi.csproj", "{C18AD841-8FDB-4C6D-8370-699F3AA5597F}"
EndProject
Project("{FAE04EC0-301F-11D3-BF4B-00C04F79EFBC}") = "ClientApp", "ClientApp\ClientApp.csproj", "{2B622A1E-EE9C-47A6-BF45-41AB4F20FE98}"
EndProject
Global
	GlobalSection(SolutionConfigurationPlatforms) = preSolution
		Debug|Any CPU = Debug|Any CPU
		Release|Any CPU = Release|Any CPU
	EndGlobalSection
	GlobalSection(ProjectConfigurationPlatforms) = postSolution
		{C18AD841-8FDB-4C6D-8370-699F3AA5597F}.Debug|Any CPU.ActiveCfg = Debug|Any CPU
		{C18AD841-8FDB-4C6D-8370-699F3AA5597F}.Debug|Any CPU.Build.0 = Debug|Any CPU
		{C18AD841-8FDB-4C6D-8370-699F3AA5597F}.Release|Any CPU.ActiveCfg = Release|Any CPU
		{C18AD841-8FDB-4C6D-8370-699F3AA5597F}.Release|Any CPU.Build.0 = Release|Any CPU
		{2B622A1E-EE9C-47A6-BF45-41AB4F20FE98}.Debug|Any CPU.ActiveCfg = Debug|Any CPU
		{2B622A1E-EE9C-47A6-BF45-41AB4F20FE98}.Debug|Any CPU.Build.0 = Debug|Any CPU
		{2B622A1E-EE9C-47A6-BF45-41AB4F20FE98}.Release|Any CPU.ActiveCfg = Release|Any CPU
		{2B622A1E-EE9C-47A6-BF45-41AB4F20FE98}.Release|Any CPU.Build.0 = Release|Any CPU
	EndGlobalSection
	GlobalSection(SolutionProperties) = preSolution
		HideSolutionNode = FALSE
	EndGlobalSection
	GlobalSection(ExtensibilityGlobals) = postSolution
		SolutionGuid = {0DD07249-A873-4C2D-B302-DF54D35F9599}
	EndGlobalSection
EndGlobal
